
Microsoft Visual Studio Solution File, Format Version 12.00
# Visual Studio Version 16
VisualStudioVersion = 16.0.30011.22
MinimumVisualStudioVersion = 10.0.40219.1
Project("{FAE04EC0-301F-11D3-BF4B-00C04F79EFBC}") = "lab_1", "lab_1.csproj", "{F73ADE2E-93AB-4D83-A4DC-93FB0BE01915}"
EndProject
Global
	GlobalSection(SolutionConfigurationPlatforms) = preSolution
		Debug|Any CPU = Debug|Any CPU
		Release|Any CPU = Release|Any CPU
	EndGlobalSection
	GlobalSection(ProjectConfigurationPlatforms) = postSolution
		{F73ADE2E-93AB-4D83-A4DC-93FB0BE01915}.Debug|Any CPU.ActiveCfg = Debug|Any CPU
		{F73ADE2E-93AB-4D83-A4DC-93FB0BE01915}.Debug|Any CPU.Build.0 = Debug|Any CPU
		{F73ADE2E-93AB-4D83-A4DC-93FB0BE01915}.Release|Any CPU.ActiveCfg = Release|Any CPU
		{F73ADE2E-93AB-4D83-A4DC-93FB0BE01915}.Release|Any CPU.Build.0 = Release|Any CPU
	EndGlobalSection
	GlobalSection(SolutionProperties) = preSolution
		HideSolutionNode = FALSE
	EndGlobalSection
	GlobalSection(ExtensibilityGlobals) = postSolution
		SolutionGuid = {9C7E1099-FFBF-45AE-A03F-70FA39DEEF68}
	EndGlobalSection
EndGlobal
